# generated by rye
# use `rye lock` or `rye sync` to update this lockfile
#
# last locked with the following flags:
#   pre: false
#   features: []
#   all-features: false
#   with-sources: false
#   generate-hashes: false
#   universal: false

-e file:.
annotated-types==0.6.0
    # via pydanclick
    # via pydantic
click==8.1.7
    # via deltalake-tools
    # via pydanclick
deltalake==0.18.2
    # via deltalake-tools
numpy==2.0.0
    # via pyarrow
pyarrow==17.0.0
    # via deltalake
pyarrow-hotfix==0.6
    # via deltalake
pydanclick==0.2.1
    # via deltalake-tools
pydantic==2.8.2
    # via deltalake-tools
    # via pydanclick
pydantic-core==2.20.1
    # via pydanclick
    # via pydantic
typing-extensions==4.12.2
    # via pydanclick
    # via pydantic
    # via pydantic-core
