{
  "lockfile_version": "1",
  "packages": {
    "darwin.apple_sdk.frameworks.Foundation": {
      "resolved": "github:NixOS/nixpkgs/75a52265bda7fd25e06e3a67dee3f0354e73243c#darwin.apple_sdk.frameworks.Foundation",
      "source": "nixpkg"
    },
    "darwin.apple_sdk.frameworks.SystemConfiguration": {
      "resolved": "github:NixOS/nixpkgs/75a52265bda7fd25e06e3a67dee3f0354e73243c#darwin.apple_sdk.frameworks.SystemConfiguration",
      "source": "nixpkg"
    },
    "libiconv@latest": {
      "last_modified": "2024-07-07T07:43:47Z",
      "resolved": "github:NixOS/nixpkgs/b60793b86201040d9dee019a05089a9150d08b5b#libiconv",
      "source": "devbox-search",
      "version": "99",
      "systems": {
        "aarch64-darwin": {
          "outputs": [
            {
              "name": "out",
              "path": "/nix/store/pb4vbsfgdik0qizna8vrdzk0jv746rgy-libiconv-99",
              "default": true
            },
            {
              "name": "dev",
              "path": "/nix/store/ddlxlq7cmqp2kpxi7wcskmk2d2ygn8d6-libiconv-99-dev"
            }
          ],
          "store_path": "/nix/store/pb4vbsfgdik0qizna8vrdzk0jv746rgy-libiconv-99"
        },
        "x86_64-darwin": {
          "outputs": [
            {
              "name": "out",
              "path": "/nix/store/nx4wk3zf054hldhq41q9iy0dqigqfhq0-libiconv-99",
              "default": true
            },
            {
              "name": "dev",
              "path": "/nix/store/b5q63ha9kv645npscj40slr90pbzsd96-libiconv-99-dev"
            }
          ],
          "store_path": "/nix/store/nx4wk3zf054hldhq41q9iy0dqigqfhq0-libiconv-99"
        }
      }
    },
    "openssl@latest": {
      "last_modified": "2024-07-15T21:47:20Z",
      "resolved": "github:NixOS/nixpkgs/b2c1f10bfbb3f617ea8e8669ac13f3f56ceb2ea2#openssl",
      "source": "devbox-search",
      "version": "3.0.14",
      "systems": {
        "aarch64-darwin": {
          "outputs": [
            {
              "name": "bin",
              "path": "/nix/store/a8n5gngrqgalv42a4dj4cfvjzdnxm4ir-openssl-3.0.14-bin",
              "default": true
            },
            {
              "name": "man",
              "path": "/nix/store/mxbdpiw2aiwwqr4nagrfx784fz10c2rq-openssl-3.0.14-man",
              "default": true
            },
            {
              "name": "doc",
              "path": "/nix/store/52r0kgi0j84maf347mjjh158srqan2b1-openssl-3.0.14-doc"
            },
            {
              "name": "out",
              "path": "/nix/store/v8asmv9z7diqqfj8x8qcja73bqyklvaj-openssl-3.0.14"
            },
            {
              "name": "dev",
              "path": "/nix/store/7fwcz4y37jj6ms17yj9hwqbmhzjaxhj9-openssl-3.0.14-dev"
            }
          ],
          "store_path": "/nix/store/a8n5gngrqgalv42a4dj4cfvjzdnxm4ir-openssl-3.0.14-bin"
        },
        "aarch64-linux": {
          "outputs": [
            {
              "name": "bin",
              "path": "/nix/store/14rhbwlby3i656s1ym2dfx3p0zmhjvaz-openssl-3.0.14-bin",
              "default": true
            },
            {
              "name": "man",
              "path": "/nix/store/z3m8x476ajsnlyzw6v8mpplmkyiq0cfy-openssl-3.0.14-man",
              "default": true
            },
            {
              "name": "dev",
              "path": "/nix/store/46v6p7i5202q5sxr790609a97f5zfxp8-openssl-3.0.14-dev"
            },
            {
              "name": "doc",
              "path": "/nix/store/lsrcxq3fh1lnwa78lcgii9qk3f25wlif-openssl-3.0.14-doc"
            },
            {
              "name": "out",
              "path": "/nix/store/ksvhi1mad9g0gnkw065c40dhw4ajx1kq-openssl-3.0.14"
            },
            {
              "name": "debug",
              "path": "/nix/store/r7imjgjm88pgyhbv180ll5vrh5a627jz-openssl-3.0.14-debug"
            }
          ],
          "store_path": "/nix/store/14rhbwlby3i656s1ym2dfx3p0zmhjvaz-openssl-3.0.14-bin"
        },
        "x86_64-darwin": {
          "outputs": [
            {
              "name": "bin",
              "path": "/nix/store/mg931ddpb31qrwhyfd4agj9x0plcps8a-openssl-3.0.14-bin",
              "default": true
            },
            {
              "name": "man",
              "path": "/nix/store/cazz5x8jnx9s2dh28y0ivwnbzwwj49ys-openssl-3.0.14-man",
              "default": true
            },
            {
              "name": "out",
              "path": "/nix/store/my6mx7wia27hsz1syj5islaysdndn0nx-openssl-3.0.14"
            },
            {
              "name": "dev",
              "path": "/nix/store/xh1plxvqh8b1zqnwhi6zf7nxskmj3v57-openssl-3.0.14-dev"
            },
            {
              "name": "doc",
              "path": "/nix/store/0463xcyky1jgj6l3qmy27a1a6m7j0wjl-openssl-3.0.14-doc"
            }
          ],
          "store_path": "/nix/store/mg931ddpb31qrwhyfd4agj9x0plcps8a-openssl-3.0.14-bin"
        },
        "x86_64-linux": {
          "outputs": [
            {
              "name": "bin",
              "path": "/nix/store/ppfzl2wqzs7ljfj0dxypcvrhr9x6ka3f-openssl-3.0.14-bin",
              "default": true
            },
            {
              "name": "man",
              "path": "/nix/store/jj233vb30i2ip0sh66gjwnaiwhc922sc-openssl-3.0.14-man",
              "default": true
            },
            {
              "name": "debug",
              "path": "/nix/store/zljr676hsm18fm9kgwimlgd2f3bvfd2c-openssl-3.0.14-debug"
            },
            {
              "name": "dev",
              "path": "/nix/store/dp6821c0s4bbmmws3lc6nicz09lnjlgl-openssl-3.0.14-dev"
            },
            {
              "name": "doc",
              "path": "/nix/store/wd0mnx1vhf5qg99329fsh4sfmzg49bs3-openssl-3.0.14-doc"
            },
            {
              "name": "out",
              "path": "/nix/store/jv2p6cmx23ihj5y4r98wnn2nmv4qhfh5-openssl-3.0.14"
            }
          ],
          "store_path": "/nix/store/ppfzl2wqzs7ljfj0dxypcvrhr9x6ka3f-openssl-3.0.14-bin"
        }
      }
    },
    "pkg-config@latest": {
      "last_modified": "2024-07-07T07:43:47Z",
      "resolved": "github:NixOS/nixpkgs/b60793b86201040d9dee019a05089a9150d08b5b#pkg-config",
      "source": "devbox-search",
      "version": "0.29.2",
      "systems": {
        "aarch64-darwin": {
          "outputs": [
            {
              "name": "out",
              "path": "/nix/store/za4f93a3jwv93gi14pnif2k7903fi37b-pkg-config-wrapper-0.29.2",
              "default": true
            },
            {
              "name": "man",
              "path": "/nix/store/znl9gp3hkqr23zdfv3fh3gxkfbi9dmf4-pkg-config-wrapper-0.29.2-man",
              "default": true
            },
            {
              "name": "doc",
              "path": "/nix/store/ny0rvrxybm8ddks5mbskwjvhzab1q99v-pkg-config-wrapper-0.29.2-doc"
            }
          ],
          "store_path": "/nix/store/za4f93a3jwv93gi14pnif2k7903fi37b-pkg-config-wrapper-0.29.2"
        },
        "aarch64-linux": {
          "outputs": [
            {
              "name": "out",
              "path": "/nix/store/38c7p07s039xwbk0qhn5g410xd2ymp5s-pkg-config-wrapper-0.29.2",
              "default": true
            },
            {
              "name": "man",
              "path": "/nix/store/vdy7cxnsnq4gv4wncqh07p9awvxavap6-pkg-config-wrapper-0.29.2-man",
              "default": true
            },
            {
              "name": "doc",
              "path": "/nix/store/l9wmrmddfc9qyhc34nj42mrikai1axvc-pkg-config-wrapper-0.29.2-doc"
            }
          ],
          "store_path": "/nix/store/38c7p07s039xwbk0qhn5g410xd2ymp5s-pkg-config-wrapper-0.29.2"
        },
        "x86_64-darwin": {
          "outputs": [
            {
              "name": "out",
              "path": "/nix/store/4h16aa9933dsligy6bngwkciggyrvim2-pkg-config-wrapper-0.29.2",
              "default": true
            },
            {
              "name": "man",
              "path": "/nix/store/c1qypj3z41d792wzkbh1z6gjqxilhwr8-pkg-config-wrapper-0.29.2-man",
              "default": true
            },
            {
              "name": "doc",
              "path": "/nix/store/288gl4iwzd2i7jrfa4rq1b3z9r1hqvf8-pkg-config-wrapper-0.29.2-doc"
            }
          ],
          "store_path": "/nix/store/4h16aa9933dsligy6bngwkciggyrvim2-pkg-config-wrapper-0.29.2"
        },
        "x86_64-linux": {
          "outputs": [
            {
              "name": "out",
              "path": "/nix/store/d7gxj7i9zr04mgf819k34vm5dzxgxjzn-pkg-config-wrapper-0.29.2",
              "default": true
            },
            {
              "name": "man",
              "path": "/nix/store/15xwcvv749bk2xqwil59l4bgn4qk5mii-pkg-config-wrapper-0.29.2-man",
              "default": true
            },
            {
              "name": "doc",
              "path": "/nix/store/d978wasbyghkk0rj2kx0m8dara25k21x-pkg-config-wrapper-0.29.2-doc"
            }
          ],
          "store_path": "/nix/store/d7gxj7i9zr04mgf819k34vm5dzxgxjzn-pkg-config-wrapper-0.29.2"
        }
      }
    },
    "postgresql_13@latest": {
      "last_modified": "2024-07-11T00:17:14Z",
      "plugin_version": "0.0.2",
      "resolved": "github:NixOS/nixpkgs/212defe037698e18fc9521dfe451779a8979844c#postgresql_13",
      "source": "devbox-search",
      "version": "13.15",
      "systems": {
        "aarch64-darwin": {
          "outputs": [
            {
              "name": "out",
              "path": "/nix/store/kijmcw9bs4lwhk7lkvl47pb1cac96jw0-postgresql-13.15",
              "default": true
            },
            {
              "name": "man",
              "path": "/nix/store/1dxawrn5lnk5q4n17jiis6jr1dkv04y7-postgresql-13.15-man",
              "default": true
            },
            {
              "name": "doc",
              "path": "/nix/store/hxir12fpg8b89jb1ywnyzn43fzqppxy3-postgresql-13.15-doc"
            },
            {
              "name": "lib",
              "path": "/nix/store/d1n4a8sgfdgla0zcjmc25kzb9ps103wl-postgresql-13.15-lib"
            }
          ],
          "store_path": "/nix/store/kijmcw9bs4lwhk7lkvl47pb1cac96jw0-postgresql-13.15"
        },
        "aarch64-linux": {
          "outputs": [
            {
              "name": "out",
              "path": "/nix/store/sdj78sv6gxk2q4qk6w2rgmav6ai12gax-postgresql-13.15",
              "default": true
            },
            {
              "name": "man",
              "path": "/nix/store/63jrfbzv66qpfb8q4fpxq8xz41zs3qc4-postgresql-13.15-man",
              "default": true
            },
            {
              "name": "debug",
              "path": "/nix/store/7qnkys4vql7a1lz126da8sias8jgd3x3-postgresql-13.15-debug"
            },
            {
              "name": "doc",
              "path": "/nix/store/j9k7s3ilrjnmwl3164mrg7al9ds9yq66-postgresql-13.15-doc"
            },
            {
              "name": "lib",
              "path": "/nix/store/pqhjdp632ayfhdgsgwfd9l97csfipp34-postgresql-13.15-lib"
            }
          ],
          "store_path": "/nix/store/sdj78sv6gxk2q4qk6w2rgmav6ai12gax-postgresql-13.15"
        },
        "x86_64-darwin": {
          "outputs": [
            {
              "name": "out",
              "path": "/nix/store/qsqqhv6nw9cn8pi4p5v4ap2hkwmdj2mn-postgresql-13.15",
              "default": true
            },
            {
              "name": "man",
              "path": "/nix/store/kn4fb0rgjpmr1hb1j3fkm4smlmd1v8wv-postgresql-13.15-man",
              "default": true
            },
            {
              "name": "doc",
              "path": "/nix/store/kcymyk4rgi51h3wz4g9cm7wa85r8x5i6-postgresql-13.15-doc"
            },
            {
              "name": "lib",
              "path": "/nix/store/aj53v296ybmdljh3s2jagk4ksrqqcqri-postgresql-13.15-lib"
            }
          ],
          "store_path": "/nix/store/qsqqhv6nw9cn8pi4p5v4ap2hkwmdj2mn-postgresql-13.15"
        },
        "x86_64-linux": {
          "outputs": [
            {
              "name": "out",
              "path": "/nix/store/cfmqd6zbsm35fh76hhlpdbnshais3z5w-postgresql-13.15",
              "default": true
            },
            {
              "name": "man",
              "path": "/nix/store/da5pyldqayxh7l1plva3c08ypsgz8f1l-postgresql-13.15-man",
              "default": true
            },
            {
              "name": "debug",
              "path": "/nix/store/624h1jfhrbk5zraj5np4sf7sszr1pvhv-postgresql-13.15-debug"
            },
            {
              "name": "doc",
              "path": "/nix/store/dmcv75n2k3jyjy6ccf3zxglrshg47jm4-postgresql-13.15-doc"
            },
            {
              "name": "lib",
              "path": "/nix/store/adlr3qaw1z2rsgxx19v9qisv0l8jf5n1-postgresql-13.15-lib"
            }
          ],
          "store_path": "/nix/store/cfmqd6zbsm35fh76hhlpdbnshais3z5w-postgresql-13.15"
        }
      }
    },
    "python@3.12.3": {
      "last_modified": "2024-06-12T20:55:33Z",
      "plugin_version": "0.0.3",
      "resolved": "github:NixOS/nixpkgs/a9858885e197f984d92d7fe64e9fff6b2e488d40#python312",
      "source": "devbox-search",
      "version": "3.12.3",
      "systems": {
        "aarch64-darwin": {
          "outputs": [
            {
              "name": "out",
              "path": "/nix/store/65ackbgqn02p6fy75rksjbp17zj6440j-python3-3.12.3",
              "default": true
            }
          ],
          "store_path": "/nix/store/65ackbgqn02p6fy75rksjbp17zj6440j-python3-3.12.3"
        },
        "aarch64-linux": {
          "outputs": [
            {
              "name": "out",
              "path": "/nix/store/59siylp1k9i3ch4d9m3vs5jp5z56b5sg-python3-3.12.3",
              "default": true
            },
            {
              "name": "debug",
              "path": "/nix/store/ji094818a78hrkag26202b21nr5v1pgk-python3-3.12.3-debug"
            }
          ],
          "store_path": "/nix/store/59siylp1k9i3ch4d9m3vs5jp5z56b5sg-python3-3.12.3"
        },
        "x86_64-darwin": {
          "outputs": [
            {
              "name": "out",
              "path": "/nix/store/nrskm5p85y6751k02ih51bpzfag8g5r8-python3-3.12.3",
              "default": true
            }
          ],
          "store_path": "/nix/store/nrskm5p85y6751k02ih51bpzfag8g5r8-python3-3.12.3"
        },
        "x86_64-linux": {
          "outputs": [
            {
              "name": "out",
              "path": "/nix/store/zwvdwiw0zg5liz6lkkkqyab035parhld-python3-3.12.3",
              "default": true
            },
            {
              "name": "debug",
              "path": "/nix/store/wj6mffmpvly3md2hqnq2jj8zrrw5qck9-python3-3.12.3-debug"
            }
          ],
          "store_path": "/nix/store/zwvdwiw0zg5liz6lkkkqyab035parhld-python3-3.12.3"
        }
      }
    },
    "rustup@latest": {
      "last_modified": "2024-07-07T07:43:47Z",
      "plugin_version": "0.0.1",
      "resolved": "github:NixOS/nixpkgs/b60793b86201040d9dee019a05089a9150d08b5b#rustup",
      "source": "devbox-search",
      "version": "1.26.0",
      "systems": {
        "aarch64-darwin": {
          "outputs": [
            {
              "name": "out",
              "path": "/nix/store/9fcngl4lj7lakajafyfpwddigy5x7xz3-rustup-1.26.0",
              "default": true
            }
          ],
          "store_path": "/nix/store/9fcngl4lj7lakajafyfpwddigy5x7xz3-rustup-1.26.0"
        },
        "aarch64-linux": {
          "outputs": [
            {
              "name": "out",
              "path": "/nix/store/9zp7146714iwf140fapdi0mgb86yds92-rustup-1.26.0",
              "default": true
            }
          ],
          "store_path": "/nix/store/9zp7146714iwf140fapdi0mgb86yds92-rustup-1.26.0"
        },
        "x86_64-darwin": {
          "outputs": [
            {
              "name": "out",
              "path": "/nix/store/vj2nv91k8wpk63iyjk93y1b7fflmbjm9-rustup-1.26.0",
              "default": true
            }
          ],
          "store_path": "/nix/store/vj2nv91k8wpk63iyjk93y1b7fflmbjm9-rustup-1.26.0"
        },
        "x86_64-linux": {
          "outputs": [
            {
              "name": "out",
              "path": "/nix/store/crphpnlzwspccbflgfakqm45hfxw1sdx-rustup-1.26.0",
              "default": true
            }
          ],
          "store_path": "/nix/store/crphpnlzwspccbflgfakqm45hfxw1sdx-rustup-1.26.0"
        }
      }
    },
    "zlib@latest": {
      "last_modified": "2024-07-15T04:07:31Z",
      "resolved": "github:NixOS/nixpkgs/a14c5d651cee9ed70f9cd9e83f323f1e531002db#zlib",
      "source": "devbox-search",
      "version": "1.3.1",
      "systems": {
        "aarch64-darwin": {
          "outputs": [
            {
              "name": "out",
              "path": "/nix/store/hsmjhairh26xg6lwz9iv9h2wwr8wd3dv-zlib-1.3.1",
              "default": true
            },
            {
              "name": "dev",
              "path": "/nix/store/s84a7qdqkl8qhzg38n7vscygkzsmcvd4-zlib-1.3.1-dev"
            },
            {
              "name": "static",
              "path": "/nix/store/gdf53ak2s5cr2dil338nifs5s16ck7qp-zlib-1.3.1-static"
            }
          ],
          "store_path": "/nix/store/hsmjhairh26xg6lwz9iv9h2wwr8wd3dv-zlib-1.3.1"
        },
        "aarch64-linux": {
          "outputs": [
            {
              "name": "out",
              "path": "/nix/store/s6wl1gipyv3zrg2qxg3r95fz8fr3wx9v-zlib-1.3.1",
              "default": true
            },
            {
              "name": "dev",
              "path": "/nix/store/b1nffz5ndqpxfhbmga9rln62cqp2v69h-zlib-1.3.1-dev"
            },
            {
              "name": "static",
              "path": "/nix/store/cfc0kw9iw953753my6hnbi3issc01i39-zlib-1.3.1-static"
            }
          ],
          "store_path": "/nix/store/s6wl1gipyv3zrg2qxg3r95fz8fr3wx9v-zlib-1.3.1"
        },
        "x86_64-darwin": {
          "outputs": [
            {
              "name": "out",
              "path": "/nix/store/nkvmqr2m7p5i3grkrlypnj4jgp7gkl15-zlib-1.3.1",
              "default": true
            },
            {
              "name": "dev",
              "path": "/nix/store/bh4s6742cgmqqyxjc018b6wynlmbq2rc-zlib-1.3.1-dev"
            },
            {
              "name": "static",
              "path": "/nix/store/sdsilixvl5q3mpi3yybns6k3malr28p2-zlib-1.3.1-static"
            }
          ],
          "store_path": "/nix/store/nkvmqr2m7p5i3grkrlypnj4jgp7gkl15-zlib-1.3.1"
        },
        "x86_64-linux": {
          "outputs": [
            {
              "name": "out",
              "path": "/nix/store/rc18a8k50zmrif61250sfidkqvlg41ln-zlib-1.3.1",
              "default": true
            },
            {
              "name": "dev",
              "path": "/nix/store/c8j6z63459gy7s7fjjvdj918hw0nki39-zlib-1.3.1-dev"
            },
            {
              "name": "static",
              "path": "/nix/store/iv9xv19c2mkblrbzp8r21fj474gj0p89-zlib-1.3.1-static"
            }
          ],
          "store_path": "/nix/store/rc18a8k50zmrif61250sfidkqvlg41ln-zlib-1.3.1"
        }
      }
    }
  }
}
